// !$*UTF8*$!
{
	archiveVersion = 1;
	classes = {
	};
	objectVersion = 46;
	objects = {

/* Begin PBXBuildFile section */
		C65015131B4A943700FC44DD /* NLProgramSiever.m in Sources */ = {isa = PBXBuildFile; fileRef = C65015121B4A943700FC44DD /* NLProgramSiever.m */; };
		C650C3771B49A944005AC163 /* NicoLiveAlertTests.m in Sources */ = {isa = PBXBuildFile; fileRef = C650C3761B49A944005AC163 /* NicoLiveAlertTests.m */; };
		C67335291B49B45E00AC88AD /* NicoLiveAlert.m in Sources */ = {isa = PBXBuildFile; fileRef = C67335271B49B45E00AC88AD /* NicoLiveAlert.m */; };
		C673352D1B49B47900AC88AD /* main.m in Sources */ = {isa = PBXBuildFile; fileRef = C673352B1B49B47900AC88AD /* main.m */; };
		C67335341B49B9CF00AC88AD /* YCKeychainService.framework in Frameworks */ = {isa = PBXBuildFile; fileRef = C67335331B49B9CF00AC88AD /* YCKeychainService.framework */; };
		C67335351B49B9CF00AC88AD /* YCKeychainService.framework in Frameworks */ = {isa = PBXBuildFile; fileRef = C67335331B49B9CF00AC88AD /* YCKeychainService.framework */; };
		C67335371B49B9DC00AC88AD /* Growl.framework in Frameworks */ = {isa = PBXBuildFile; fileRef = C67335361B49B9DC00AC88AD /* Growl.framework */; };
		C67335391B49B9EB00AC88AD /* Sparkle.framework in Frameworks */ = {isa = PBXBuildFile; fileRef = C67335381B49B9EB00AC88AD /* Sparkle.framework */; };
		C673353B1B49B9F700AC88AD /* CocoaOniguruma.framework in Frameworks */ = {isa = PBXBuildFile; fileRef = C673353A1B49B9F700AC88AD /* CocoaOniguruma.framework */; };
		C673353C1B49B9F700AC88AD /* CocoaOniguruma.framework in Frameworks */ = {isa = PBXBuildFile; fileRef = C673353A1B49B9F700AC88AD /* CocoaOniguruma.framework */; };
		C673353E1B49BA1A00AC88AD /* Sparkle.framework in Copy Frameworks */ = {isa = PBXBuildFile; fileRef = C67335381B49B9EB00AC88AD /* Sparkle.framework */; settings = {ATTRIBUTES = (CodeSignOnCopy, RemoveHeadersOnCopy, ); }; };
		C673353F1B49BA2200AC88AD /* CocoaOniguruma.framework in Copy Frameworks */ = {isa = PBXBuildFile; fileRef = C673353A1B49B9F700AC88AD /* CocoaOniguruma.framework */; settings = {ATTRIBUTES = (CodeSignOnCopy, RemoveHeadersOnCopy, ); }; };
		C67335401B49BA2500AC88AD /* Growl.framework in Copy Frameworks */ = {isa = PBXBuildFile; fileRef = C67335361B49B9DC00AC88AD /* Growl.framework */; settings = {ATTRIBUTES = (CodeSignOnCopy, RemoveHeadersOnCopy, ); }; };
		C67335411B49BA2900AC88AD /* YCKeychainService.framework in Copy Frameworks */ = {isa = PBXBuildFile; fileRef = C67335331B49B9CF00AC88AD /* YCKeychainService.framework */; settings = {ATTRIBUTES = (CodeSignOnCopy, RemoveHeadersOnCopy, ); }; };
		C67335461B49BDC800AC88AD /* NicoLiveAlert.xib in Resources */ = {isa = PBXBuildFile; fileRef = C67335441B49BDC800AC88AD /* NicoLiveAlert.xib */; };
		C67AF0941B49D08F000B8272 /* NLAccount.m in Sources */ = {isa = PBXBuildFile; fileRef = C67AF0931B49D08F000B8272 /* NLAccount.m */; };
		C67AF09A1B49E137000B8272 /* YCStreamSessionGCD.m in Sources */ = {isa = PBXBuildFile; fileRef = C67AF0961B49E137000B8272 /* YCStreamSessionGCD.m */; };
		C67AF09B1B49E137000B8272 /* HTTPConnection.m in Sources */ = {isa = PBXBuildFile; fileRef = C67AF0981B49E137000B8272 /* HTTPConnection.m */; };
		C67AF09D1B49E4A0000B8272 /* NLAccountTests.m in Sources */ = {isa = PBXBuildFile; fileRef = C67AF09C1B49E4A0000B8272 /* NLAccountTests.m */; };
		C67AF0A01B4A23CA000B8272 /* NLAccounts.m in Sources */ = {isa = PBXBuildFile; fileRef = C67AF09F1B4A23CA000B8272 /* NLAccounts.m */; };
		C67AF0A21B4A6E83000B8272 /* NLAccountsTest.m in Sources */ = {isa = PBXBuildFile; fileRef = C67AF0A11B4A6E83000B8272 /* NLAccountsTest.m */; };
/* End PBXBuildFile section */

/* Begin PBXContainerItemProxy section */
		C650C3711B49A944005AC163 /* PBXContainerItemProxy */ = {
			isa = PBXContainerItemProxy;
			containerPortal = C650C3551B49A944005AC163 /* Project object */;
			proxyType = 1;
			remoteGlobalIDString = C650C35C1B49A944005AC163;
			remoteInfo = NicoLiveAlert;
		};
/* End PBXContainerItemProxy section */

/* Begin PBXCopyFilesBuildPhase section */
		C673353D1B49BA0200AC88AD /* Copy Frameworks */ = {
			isa = PBXCopyFilesBuildPhase;
			buildActionMask = 2147483647;
			dstPath = "";
			dstSubfolderSpec = 10;
			files = (
				C67335411B49BA2900AC88AD /* YCKeychainService.framework in Copy Frameworks */,
				C673353F1B49BA2200AC88AD /* CocoaOniguruma.framework in Copy Frameworks */,
				C67335401B49BA2500AC88AD /* Growl.framework in Copy Frameworks */,
				C673353E1B49BA1A00AC88AD /* Sparkle.framework in Copy Frameworks */,
			);
			name = "Copy Frameworks";
			runOnlyForDeploymentPostprocessing = 0;
		};
/* End PBXCopyFilesBuildPhase section */

/* Begin PBXFileReference section */
		C65015111B4A943700FC44DD /* NLProgramSiever.h */ = {isa = PBXFileReference; fileEncoding = 4; lastKnownFileType = sourcecode.c.h; name = NLProgramSiever.h; path = "Program Management/NLProgramSiever.h"; sourceTree = "<group>"; };
		C65015121B4A943700FC44DD /* NLProgramSiever.m */ = {isa = PBXFileReference; fileEncoding = 4; lastKnownFileType = sourcecode.c.objc; name = NLProgramSiever.m; path = "Program Management/NLProgramSiever.m"; sourceTree = "<group>"; };
		C650C35D1B49A944005AC163 /* NicoLiveAlert.app */ = {isa = PBXFileReference; explicitFileType = wrapper.application; includeInIndex = 0; path = NicoLiveAlert.app; sourceTree = BUILT_PRODUCTS_DIR; };
		C650C3671B49A944005AC163 /* Images.xcassets */ = {isa = PBXFileReference; lastKnownFileType = folder.assetcatalog; path = Images.xcassets; sourceTree = "<group>"; };
		C650C3701B49A944005AC163 /* NicoLiveAlertTests.xctest */ = {isa = PBXFileReference; explicitFileType = wrapper.cfbundle; includeInIndex = 0; path = NicoLiveAlertTests.xctest; sourceTree = BUILT_PRODUCTS_DIR; };
		C650C3751B49A944005AC163 /* Info.plist */ = {isa = PBXFileReference; lastKnownFileType = text.plist.xml; path = Info.plist; sourceTree = "<group>"; };
		C650C3761B49A944005AC163 /* NicoLiveAlertTests.m */ = {isa = PBXFileReference; lastKnownFileType = sourcecode.c.objc; path = NicoLiveAlertTests.m; sourceTree = "<group>"; };
		C67335271B49B45E00AC88AD /* NicoLiveAlert.m */ = {isa = PBXFileReference; fileEncoding = 4; lastKnownFileType = sourcecode.c.objc; name = NicoLiveAlert.m; path = Application/NicoLiveAlert.m; sourceTree = "<group>"; };
		C67335281B49B45E00AC88AD /* NicoLiveAlert.h */ = {isa = PBXFileReference; fileEncoding = 4; lastKnownFileType = sourcecode.c.h; name = NicoLiveAlert.h; path = Application/NicoLiveAlert.h; sourceTree = "<group>"; };
		C673352A1B49B47900AC88AD /* Info.plist */ = {isa = PBXFileReference; fileEncoding = 4; lastKnownFileType = text.plist.xml; name = Info.plist; path = "Supporting Files/Info.plist"; sourceTree = "<group>"; };
		C673352B1B49B47900AC88AD /* main.m */ = {isa = PBXFileReference; fileEncoding = 4; lastKnownFileType = sourcecode.c.objc; name = main.m; path = "Supporting Files/main.m"; sourceTree = "<group>"; };
		C67335331B49B9CF00AC88AD /* YCKeychainService.framework */ = {isa = PBXFileReference; lastKnownFileType = wrapper.framework; name = YCKeychainService.framework; path = External/YCKeychainService/YCKeychainService.framework; sourceTree = "<group>"; };
		C67335361B49B9DC00AC88AD /* Growl.framework */ = {isa = PBXFileReference; lastKnownFileType = wrapper.framework; name = Growl.framework; path = External/Growl/Growl.framework; sourceTree = "<group>"; };
		C67335381B49B9EB00AC88AD /* Sparkle.framework */ = {isa = PBXFileReference; lastKnownFileType = wrapper.framework; name = Sparkle.framework; path = External/Sparkle/Sparkle.framework; sourceTree = "<group>"; };
		C673353A1B49B9F700AC88AD /* CocoaOniguruma.framework */ = {isa = PBXFileReference; lastKnownFileType = wrapper.framework; name = CocoaOniguruma.framework; path = External/CocoaOniguruma/CocoaOniguruma.framework; sourceTree = "<group>"; };
		C67335451B49BDC800AC88AD /* en */ = {isa = PBXFileReference; lastKnownFileType = file.xib; name = en; path = Localizable/en.lproj/NicoLiveAlert.xib; sourceTree = "<group>"; };
		C67335481B49C26B00AC88AD /* NicoLiveAlertDefinitions.h */ = {isa = PBXFileReference; lastKnownFileType = sourcecode.c.h; name = NicoLiveAlertDefinitions.h; path = Application/NicoLiveAlertDefinitions.h; sourceTree = "<group>"; };
		C67AF0921B49D08F000B8272 /* NLAccount.h */ = {isa = PBXFileReference; fileEncoding = 4; lastKnownFileType = sourcecode.c.h; name = NLAccount.h; path = "User Management/NLAccount.h"; sourceTree = "<group>"; };
		C67AF0931B49D08F000B8272 /* NLAccount.m */ = {isa = PBXFileReference; fileEncoding = 4; lastKnownFileType = sourcecode.c.objc; name = NLAccount.m; path = "User Management/NLAccount.m"; sourceTree = "<group>"; };
		C67AF0961B49E137000B8272 /* YCStreamSessionGCD.m */ = {isa = PBXFileReference; fileEncoding = 4; lastKnownFileType = sourcecode.c.objc; name = YCStreamSessionGCD.m; path = NetworkBits/YCStreamSessionGCD.m; sourceTree = "<group>"; };
		C67AF0971B49E137000B8272 /* YCStreamSessionGCD.h */ = {isa = PBXFileReference; fileEncoding = 4; lastKnownFileType = sourcecode.c.h; name = YCStreamSessionGCD.h; path = NetworkBits/YCStreamSessionGCD.h; sourceTree = "<group>"; };
		C67AF0981B49E137000B8272 /* HTTPConnection.m */ = {isa = PBXFileReference; fileEncoding = 4; lastKnownFileType = sourcecode.c.objc; name = HTTPConnection.m; path = NetworkBits/HTTPConnection.m; sourceTree = "<group>"; };
		C67AF0991B49E137000B8272 /* HTTPConnection.h */ = {isa = PBXFileReference; fileEncoding = 4; lastKnownFileType = sourcecode.c.h; name = HTTPConnection.h; path = NetworkBits/HTTPConnection.h; sourceTree = "<group>"; };
		C67AF09C1B49E4A0000B8272 /* NLAccountTests.m */ = {isa = PBXFileReference; fileEncoding = 4; lastKnownFileType = sourcecode.c.objc; path = NLAccountTests.m; sourceTree = "<group>"; };
		C67AF09E1B4A23CA000B8272 /* NLAccounts.h */ = {isa = PBXFileReference; fileEncoding = 4; lastKnownFileType = sourcecode.c.h; name = NLAccounts.h; path = "User Management/NLAccounts.h"; sourceTree = "<group>"; };
		C67AF09F1B4A23CA000B8272 /* NLAccounts.m */ = {isa = PBXFileReference; fileEncoding = 4; lastKnownFileType = sourcecode.c.objc; name = NLAccounts.m; path = "User Management/NLAccounts.m"; sourceTree = "<group>"; };
		C67AF0A11B4A6E83000B8272 /* NLAccountsTest.m */ = {isa = PBXFileReference; fileEncoding = 4; lastKnownFileType = sourcecode.c.objc; path = NLAccountsTest.m; sourceTree = "<group>"; };
		C67AF0A31B4A706C000B8272 /* NicoLiveAlert.entitlements */ = {isa = PBXFileReference; lastKnownFileType = text.xml; path = NicoLiveAlert.entitlements; sourceTree = "<group>"; };
/* End PBXFileReference section */

/* Begin PBXFrameworksBuildPhase section */
		C650C35A1B49A944005AC163 /* Frameworks */ = {
			isa = PBXFrameworksBuildPhase;
			buildActionMask = 2147483647;
			files = (
				C673353B1B49B9F700AC88AD /* CocoaOniguruma.framework in Frameworks */,
				C67335371B49B9DC00AC88AD /* Growl.framework in Frameworks */,
				C67335391B49B9EB00AC88AD /* Sparkle.framework in Frameworks */,
				C67335341B49B9CF00AC88AD /* YCKeychainService.framework in Frameworks */,
			);
			runOnlyForDeploymentPostprocessing = 0;
		};
		C650C36D1B49A944005AC163 /* Frameworks */ = {
			isa = PBXFrameworksBuildPhase;
			buildActionMask = 2147483647;
			files = (
				C673353C1B49B9F700AC88AD /* CocoaOniguruma.framework in Frameworks */,
				C67335351B49B9CF00AC88AD /* YCKeychainService.framework in Frameworks */,
			);
			runOnlyForDeploymentPostprocessing = 0;
		};
/* End PBXFrameworksBuildPhase section */

/* Begin PBXGroup section */
		C65015101B4A93E500FC44DD /* Program Management */ = {
			isa = PBXGroup;
			children = (
				C65015111B4A943700FC44DD /* NLProgramSiever.h */,
				C65015121B4A943700FC44DD /* NLProgramSiever.m */,
			);
			name = "Program Management";
			sourceTree = "<group>";
		};
		C650C3541B49A944005AC163 = {
			isa = PBXGroup;
			children = (
				C650C35F1B49A944005AC163 /* NicoLiveAlert */,
				C673352E1B49B98600AC88AD /* Frameworks */,
				C650C3731B49A944005AC163 /* NicoLiveAlertTests */,
				C650C35E1B49A944005AC163 /* Products */,
			);
			sourceTree = "<group>";
		};
		C650C35E1B49A944005AC163 /* Products */ = {
			isa = PBXGroup;
			children = (
				C650C35D1B49A944005AC163 /* NicoLiveAlert.app */,
				C650C3701B49A944005AC163 /* NicoLiveAlertTests.xctest */,
			);
			name = Products;
			sourceTree = "<group>";
		};
		C650C35F1B49A944005AC163 /* NicoLiveAlert */ = {
			isa = PBXGroup;
			children = (
				C67AF0A31B4A706C000B8272 /* NicoLiveAlert.entitlements */,
				C65015101B4A93E500FC44DD /* Program Management */,
				C67AF0901B49D04A000B8272 /* User Management */,
				C67335471B49C23C00AC88AD /* Application */,
				C67AF0951B49E114000B8272 /* Network */,
				C650C3671B49A944005AC163 /* Images.xcassets */,
				C650C3601B49A944005AC163 /* Supporting Files */,
			);
			path = NicoLiveAlert;
			sourceTree = "<group>";
		};
		C650C3601B49A944005AC163 /* Supporting Files */ = {
			isa = PBXGroup;
			children = (
				C673352A1B49B47900AC88AD /* Info.plist */,
				C673352B1B49B47900AC88AD /* main.m */,
			);
			name = "Supporting Files";
			sourceTree = "<group>";
		};
		C650C3731B49A944005AC163 /* NicoLiveAlertTests */ = {
			isa = PBXGroup;
			children = (
				C650C3761B49A944005AC163 /* NicoLiveAlertTests.m */,
				C67AF09C1B49E4A0000B8272 /* NLAccountTests.m */,
				C67AF0A11B4A6E83000B8272 /* NLAccountsTest.m */,
				C650C3741B49A944005AC163 /* Supporting Files */,
			);
			path = NicoLiveAlertTests;
			sourceTree = "<group>";
		};
		C650C3741B49A944005AC163 /* Supporting Files */ = {
			isa = PBXGroup;
			children = (
				C650C3751B49A944005AC163 /* Info.plist */,
			);
			name = "Supporting Files";
			sourceTree = "<group>";
		};
		C673352E1B49B98600AC88AD /* Frameworks */ = {
			isa = PBXGroup;
			children = (
				C67335321B49B9B600AC88AD /* YCKeychainService */,
				C67335311B49B9AD00AC88AD /* Growl */,
				C67335301B49B9A200AC88AD /* CocoaOniguruma */,
				C673352F1B49B99800AC88AD /* Sparkle */,
			);
			name = Frameworks;
			sourceTree = "<group>";
		};
		C673352F1B49B99800AC88AD /* Sparkle */ = {
			isa = PBXGroup;
			children = (
				C67335381B49B9EB00AC88AD /* Sparkle.framework */,
			);
			name = Sparkle;
			sourceTree = "<group>";
		};
		C67335301B49B9A200AC88AD /* CocoaOniguruma */ = {
			isa = PBXGroup;
			children = (
				C673353A1B49B9F700AC88AD /* CocoaOniguruma.framework */,
			);
			name = CocoaOniguruma;
			sourceTree = "<group>";
		};
		C67335311B49B9AD00AC88AD /* Growl */ = {
			isa = PBXGroup;
			children = (
				C67335361B49B9DC00AC88AD /* Growl.framework */,
			);
			name = Growl;
			sourceTree = "<group>";
		};
		C67335321B49B9B600AC88AD /* YCKeychainService */ = {
			isa = PBXGroup;
			children = (
				C67335331B49B9CF00AC88AD /* YCKeychainService.framework */,
			);
			name = YCKeychainService;
			sourceTree = "<group>";
		};
		C67335471B49C23C00AC88AD /* Application */ = {
			isa = PBXGroup;
			children = (
				C67335281B49B45E00AC88AD /* NicoLiveAlert.h */,
				C67335271B49B45E00AC88AD /* NicoLiveAlert.m */,
				C67335441B49BDC800AC88AD /* NicoLiveAlert.xib */,
				C67335481B49C26B00AC88AD /* NicoLiveAlertDefinitions.h */,
			);
			name = Application;
			sourceTree = "<group>";
		};
		C67AF0901B49D04A000B8272 /* User Management */ = {
			isa = PBXGroup;
			children = (
				C67AF0921B49D08F000B8272 /* NLAccount.h */,
				C67AF0931B49D08F000B8272 /* NLAccount.m */,
				C67AF09E1B4A23CA000B8272 /* NLAccounts.h */,
				C67AF09F1B4A23CA000B8272 /* NLAccounts.m */,
			);
			name = "User Management";
			sourceTree = "<group>";
		};
		C67AF0951B49E114000B8272 /* Network */ = {
			isa = PBXGroup;
			children = (
				C67AF0991B49E137000B8272 /* HTTPConnection.h */,
				C67AF0981B49E137000B8272 /* HTTPConnection.m */,
				C67AF0971B49E137000B8272 /* YCStreamSessionGCD.h */,
				C67AF0961B49E137000B8272 /* YCStreamSessionGCD.m */,
			);
			name = Network;
			sourceTree = "<group>";
		};
/* End PBXGroup section */

/* Begin PBXNativeTarget section */
		C650C35C1B49A944005AC163 /* NicoLiveAlert */ = {
			isa = PBXNativeTarget;
			buildConfigurationList = C650C37A1B49A944005AC163 /* Build configuration list for PBXNativeTarget "NicoLiveAlert" */;
			buildPhases = (
				C650C3591B49A944005AC163 /* Sources */,
				C650C35A1B49A944005AC163 /* Frameworks */,
				C650C35B1B49A944005AC163 /* Resources */,
				C673353D1B49BA0200AC88AD /* Copy Frameworks */,
			);
			buildRules = (
			);
			dependencies = (
			);
			name = NicoLiveAlert;
			productName = NicoLiveAlert;
			productReference = C650C35D1B49A944005AC163 /* NicoLiveAlert.app */;
			productType = "com.apple.product-type.application";
		};
		C650C36F1B49A944005AC163 /* NicoLiveAlertTests */ = {
			isa = PBXNativeTarget;
			buildConfigurationList = C650C37D1B49A944005AC163 /* Build configuration list for PBXNativeTarget "NicoLiveAlertTests" */;
			buildPhases = (
				C650C36C1B49A944005AC163 /* Sources */,
				C650C36D1B49A944005AC163 /* Frameworks */,
				C650C36E1B49A944005AC163 /* Resources */,
			);
			buildRules = (
			);
			dependencies = (
				C650C3721B49A944005AC163 /* PBXTargetDependency */,
			);
			name = NicoLiveAlertTests;
			productName = NicoLiveAlertTests;
			productReference = C650C3701B49A944005AC163 /* NicoLiveAlertTests.xctest */;
			productType = "com.apple.product-type.bundle.unit-test";
		};
/* End PBXNativeTarget section */

/* Begin PBXProject section */
		C650C3551B49A944005AC163 /* Project object */ = {
			isa = PBXProject;
			attributes = {
				LastUpgradeCheck = 0640;
				ORGANIZATIONNAME = "Instrumentality of Mankind";
				TargetAttributes = {
					C650C35C1B49A944005AC163 = {
						CreatedOnToolsVersion = 6.4;
						SystemCapabilities = {
							com.apple.Sandbox = {
								enabled = 1;
							};
						};
					};
					C650C36F1B49A944005AC163 = {
						CreatedOnToolsVersion = 6.4;
						TestTargetID = C650C35C1B49A944005AC163;
					};
				};
			};
			buildConfigurationList = C650C3581B49A944005AC163 /* Build configuration list for PBXProject "NicoLiveAlert" */;
			compatibilityVersion = "Xcode 3.2";
			developmentRegion = English;
			hasScannedForEncodings = 0;
			knownRegions = (
				en,
				Base,
			);
			mainGroup = C650C3541B49A944005AC163;
			productRefGroup = C650C35E1B49A944005AC163 /* Products */;
			projectDirPath = "";
			projectRoot = "";
			targets = (
				C650C35C1B49A944005AC163 /* NicoLiveAlert */,
				C650C36F1B49A944005AC163 /* NicoLiveAlertTests */,
			);
		};
/* End PBXProject section */

/* Begin PBXResourcesBuildPhase section */
		C650C35B1B49A944005AC163 /* Resources */ = {
			isa = PBXResourcesBuildPhase;
			buildActionMask = 2147483647;
			files = (
				C67335461B49BDC800AC88AD /* NicoLiveAlert.xib in Resources */,
			);
			runOnlyForDeploymentPostprocessing = 0;
		};
		C650C36E1B49A944005AC163 /* Resources */ = {
			isa = PBXResourcesBuildPhase;
			buildActionMask = 2147483647;
			files = (
			);
			runOnlyForDeploymentPostprocessing = 0;
		};
/* End PBXResourcesBuildPhase section */

/* Begin PBXSourcesBuildPhase section */
		C650C3591B49A944005AC163 /* Sources */ = {
			isa = PBXSourcesBuildPhase;
			buildActionMask = 2147483647;
			files = (
				C673352D1B49B47900AC88AD /* main.m in Sources */,
				C67AF09A1B49E137000B8272 /* YCStreamSessionGCD.m in Sources */,
				C67AF0941B49D08F000B8272 /* NLAccount.m in Sources */,
				C67AF0A01B4A23CA000B8272 /* NLAccounts.m in Sources */,
				C67335291B49B45E00AC88AD /* NicoLiveAlert.m in Sources */,
				C65015131B4A943700FC44DD /* NLProgramSiever.m in Sources */,
				C67AF09B1B49E137000B8272 /* HTTPConnection.m in Sources */,
			);
			runOnlyForDeploymentPostprocessing = 0;
		};
		C650C36C1B49A944005AC163 /* Sources */ = {
			isa = PBXSourcesBuildPhase;
			buildActionMask = 2147483647;
			files = (
				C67AF0A21B4A6E83000B8272 /* NLAccountsTest.m in Sources */,
				C67AF09D1B49E4A0000B8272 /* NLAccountTests.m in Sources */,
				C650C3771B49A944005AC163 /* NicoLiveAlertTests.m in Sources */,
			);
			runOnlyForDeploymentPostprocessing = 0;
		};
/* End PBXSourcesBuildPhase section */

/* Begin PBXTargetDependency section */
		C650C3721B49A944005AC163 /* PBXTargetDependency */ = {
			isa = PBXTargetDependency;
			target = C650C35C1B49A944005AC163 /* NicoLiveAlert */;
			targetProxy = C650C3711B49A944005AC163 /* PBXContainerItemProxy */;
		};
/* End PBXTargetDependency section */

/* Begin PBXVariantGroup section */
		C67335441B49BDC800AC88AD /* NicoLiveAlert.xib */ = {
			isa = PBXVariantGroup;
			children = (
				C67335451B49BDC800AC88AD /* en */,
			);
			name = NicoLiveAlert.xib;
			sourceTree = "<group>";
		};
/* End PBXVariantGroup section */

/* Begin XCBuildConfiguration section */
		C650C3781B49A944005AC163 /* Debug */ = {
			isa = XCBuildConfiguration;
			buildSettings = {
				ALWAYS_SEARCH_USER_PATHS = NO;
				CLANG_CXX_LANGUAGE_STANDARD = "gnu++0x";
				CLANG_CXX_LIBRARY = "libc++";
				CLANG_ENABLE_MODULES = YES;
				CLANG_ENABLE_OBJC_ARC = YES;
				CLANG_WARN_BOOL_CONVERSION = YES;
				CLANG_WARN_CONSTANT_CONVERSION = YES;
				CLANG_WARN_DIRECT_OBJC_ISA_USAGE = YES_ERROR;
				CLANG_WARN_EMPTY_BODY = YES;
				CLANG_WARN_ENUM_CONVERSION = YES;
				CLANG_WARN_INT_CONVERSION = YES;
				CLANG_WARN_OBJC_ROOT_CLASS = YES_ERROR;
				CLANG_WARN_UNREACHABLE_CODE = YES;
				CLANG_WARN__DUPLICATE_METHOD_MATCH = YES;
				CODE_SIGN_IDENTITY = "-";
				COPY_PHASE_STRIP = NO;
				DEBUG_INFORMATION_FORMAT = dwarf;
				ENABLE_STRICT_OBJC_MSGSEND = YES;
				GCC_C_LANGUAGE_STANDARD = gnu99;
				GCC_DYNAMIC_NO_PIC = NO;
				GCC_NO_COMMON_BLOCKS = YES;
				GCC_OPTIMIZATION_LEVEL = 0;
				GCC_PREPROCESSOR_DEFINITIONS = (
					"DEBUG=1",
					"$(inherited)",
				);
				GCC_SYMBOLS_PRIVATE_EXTERN = NO;
				GCC_WARN_64_TO_32_BIT_CONVERSION = YES;
				GCC_WARN_ABOUT_RETURN_TYPE = YES_ERROR;
				GCC_WARN_UNDECLARED_SELECTOR = YES;
				GCC_WARN_UNINITIALIZED_AUTOS = YES_AGGRESSIVE;
				GCC_WARN_UNUSED_FUNCTION = YES;
				GCC_WARN_UNUSED_VARIABLE = YES;
				MACOSX_DEPLOYMENT_TARGET = 10.10;
				MTL_ENABLE_DEBUG_INFO = YES;
				ONLY_ACTIVE_ARCH = YES;
				SDKROOT = macosx;
			};
			name = Debug;
		};
		C650C3791B49A944005AC163 /* Release */ = {
			isa = XCBuildConfiguration;
			buildSettings = {
				ALWAYS_SEARCH_USER_PATHS = NO;
				CLANG_CXX_LANGUAGE_STANDARD = "gnu++0x";
				CLANG_CXX_LIBRARY = "libc++";
				CLANG_ENABLE_MODULES = YES;
				CLANG_ENABLE_OBJC_ARC = YES;
				CLANG_WARN_BOOL_CONVERSION = YES;
				CLANG_WARN_CONSTANT_CONVERSION = YES;
				CLANG_WARN_DIRECT_OBJC_ISA_USAGE = YES_ERROR;
				CLANG_WARN_EMPTY_BODY = YES;
				CLANG_WARN_ENUM_CONVERSION = YES;
				CLANG_WARN_INT_CONVERSION = YES;
				CLANG_WARN_OBJC_ROOT_CLASS = YES_ERROR;
				CLANG_WARN_UNREACHABLE_CODE = YES;
				CLANG_WARN__DUPLICATE_METHOD_MATCH = YES;
				CODE_SIGN_IDENTITY = "-";
				COPY_PHASE_STRIP = NO;
				DEBUG_INFORMATION_FORMAT = "dwarf-with-dsym";
				ENABLE_NS_ASSERTIONS = NO;
				ENABLE_STRICT_OBJC_MSGSEND = YES;
				GCC_C_LANGUAGE_STANDARD = gnu99;
				GCC_NO_COMMON_BLOCKS = YES;
				GCC_WARN_64_TO_32_BIT_CONVERSION = YES;
				GCC_WARN_ABOUT_RETURN_TYPE = YES_ERROR;
				GCC_WARN_UNDECLARED_SELECTOR = YES;
				GCC_WARN_UNINITIALIZED_AUTOS = YES_AGGRESSIVE;
				GCC_WARN_UNUSED_FUNCTION = YES;
				GCC_WARN_UNUSED_VARIABLE = YES;
				MACOSX_DEPLOYMENT_TARGET = 10.10;
				MTL_ENABLE_DEBUG_INFO = NO;
				SDKROOT = macosx;
			};
			name = Release;
		};
		C650C37B1B49A944005AC163 /* Debug */ = {
			isa = XCBuildConfiguration;
			buildSettings = {
				ASSETCATALOG_COMPILER_APPICON_NAME = AppIcon;
				CODE_SIGN_ENTITLEMENTS = NicoLiveAlert/NicoLiveAlert.entitlements;
				CODE_SIGN_IDENTITY = "Чайка";
				COMBINE_HIDPI_IMAGES = YES;
				FRAMEWORK_SEARCH_PATHS = (
					"$(inherited)",
					"$(PROJECT_DIR)/External/YCKeychainService",
					"$(PROJECT_DIR)/External/Growl",
					"$(PROJECT_DIR)/External/Sparkle",
					"$(PROJECT_DIR)/External/CocoaOniguruma",
				);
				INFOPLIST_FILE = "NicoLiveAlert/Supporting Files/Info.plist";
				LD_RUNPATH_SEARCH_PATHS = "$(inherited) @executable_path/../Frameworks";
				MACOSX_DEPLOYMENT_TARGET = 10.7;
				PRODUCT_NAME = "$(TARGET_NAME)";
			};
			name = Debug;
		};
		C650C37C1B49A944005AC163 /* Release */ = {
			isa = XCBuildConfiguration;
			buildSettings = {
				ASSETCATALOG_COMPILER_APPICON_NAME = AppIcon;
				CODE_SIGN_ENTITLEMENTS = NicoLiveAlert/NicoLiveAlert.entitlements;
				CODE_SIGN_IDENTITY = "Чайка";
				COMBINE_HIDPI_IMAGES = YES;
				FRAMEWORK_SEARCH_PATHS = (
					"$(inherited)",
					"$(PROJECT_DIR)/External/YCKeychainService",
					"$(PROJECT_DIR)/External/Growl",
					"$(PROJECT_DIR)/External/Sparkle",
					"$(PROJECT_DIR)/External/CocoaOniguruma",
				);
				INFOPLIST_FILE = "NicoLiveAlert/Supporting Files/Info.plist";
				LD_RUNPATH_SEARCH_PATHS = "$(inherited) @executable_path/../Frameworks";
				MACOSX_DEPLOYMENT_TARGET = 10.7;
				PRODUCT_NAME = "$(TARGET_NAME)";
			};
			name = Release;
		};
		C650C37E1B49A944005AC163 /* Debug */ = {
			isa = XCBuildConfiguration;
			buildSettings = {
				BUNDLE_LOADER = "$(TEST_HOST)";
				COMBINE_HIDPI_IMAGES = YES;
				FRAMEWORK_SEARCH_PATHS = (
					"$(DEVELOPER_FRAMEWORKS_DIR)",
					"$(inherited)",
					"$(PROJECT_DIR)/External/YCKeychainService",
					"$(PROJECT_DIR)/External/CocoaOniguruma",
				);
				GCC_PREPROCESSOR_DEFINITIONS = (
					"DEBUG=1",
					"$(inherited)",
				);
				INFOPLIST_FILE = NicoLiveAlertTests/Info.plist;
				LD_RUNPATH_SEARCH_PATHS = "$(inherited) @executable_path/../Frameworks @loader_path/../Frameworks";
				PRODUCT_NAME = "$(TARGET_NAME)";
				TEST_HOST = "$(BUILT_PRODUCTS_DIR)/NicoLiveAlert.app/Contents/MacOS/NicoLiveAlert";
			};
			name = Debug;
		};
		C650C37F1B49A944005AC163 /* Release */ = {
			isa = XCBuildConfiguration;
			buildSettings = {
				BUNDLE_LOADER = "$(TEST_HOST)";
				COMBINE_HIDPI_IMAGES = YES;
				FRAMEWORK_SEARCH_PATHS = (
					"$(DEVELOPER_FRAMEWORKS_DIR)",
					"$(inherited)",
					"$(PROJECT_DIR)/External/YCKeychainService",
					"$(PROJECT_DIR)/External/CocoaOniguruma",
				);
				INFOPLIST_FILE = NicoLiveAlertTests/Info.plist;
				LD_RUNPATH_SEARCH_PATHS = "$(inherited) @executable_path/../Frameworks @loader_path/../Frameworks";
				PRODUCT_NAME = "$(TARGET_NAME)";
				TEST_HOST = "$(BUILT_PRODUCTS_DIR)/NicoLiveAlert.app/Contents/MacOS/NicoLiveAlert";
			};
			name = Release;
		};
/* End XCBuildConfiguration section */

/* Begin XCConfigurationList section */
		C650C3581B49A944005AC163 /* Build configuration list for PBXProject "NicoLiveAlert" */ = {
			isa = XCConfigurationList;
			buildConfigurations = (
				C650C3781B49A944005AC163 /* Debug */,
				C650C3791B49A944005AC163 /* Release */,
			);
			defaultConfigurationIsVisible = 0;
			defaultConfigurationName = Release;
		};
		C650C37A1B49A944005AC163 /* Build configuration list for PBXNativeTarget "NicoLiveAlert" */ = {
			isa = XCConfigurationList;
			buildConfigurations = (
				C650C37B1B49A944005AC163 /* Debug */,
				C650C37C1B49A944005AC163 /* Release */,
			);
			defaultConfigurationIsVisible = 0;
			defaultConfigurationName = Release;
		};
		C650C37D1B49A944005AC163 /* Build configuration list for PBXNativeTarget "NicoLiveAlertTests" */ = {
			isa = XCConfigurationList;
			buildConfigurations = (
				C650C37E1B49A944005AC163 /* Debug */,
				C650C37F1B49A944005AC163 /* Release */,
			);
			defaultConfigurationIsVisible = 0;
			defaultConfigurationName = Release;
		};
/* End XCConfigurationList section */
	};
	rootObject = C650C3551B49A944005AC163 /* Project object */;
}
